// !$*UTF8*$!
{
	archiveVersion = 1;
	classes = {
	};
	objectVersion = 46;
	objects = {

/* Begin PBXBuildFile section */
		886467F11FA0F4710006EBDD /* libSDL2-2.0.0.dylib in Frameworks */ = {isa = PBXBuildFile; fileRef = 886467F01FA0F4710006EBDD /* libSDL2-2.0.0.dylib */; };
		886467F61FA0F5EA0006EBDD /* libode.6.dylib in Frameworks */ = {isa = PBXBuildFile; fileRef = 886467F51FA0F5EA0006EBDD /* libode.6.dylib */; };
		D3533D4A1F000A01005AFFDB /* main.c in Sources */ = {isa = PBXBuildFile; fileRef = D3533D491F000A01005AFFDB /* main.c */; };
		D3533D521F000A09005AFFDB /* OpenGL.framework in Frameworks */ = {isa = PBXBuildFile; fileRef = D3533D511F000A09005AFFDB /* OpenGL.framework */; };
		D3533D651F006F4B005AFFDB /* obj.c in Sources */ = {isa = PBXBuildFile; fileRef = D3533D631F006F4B005AFFDB /* obj.c */; };
		D3EA46711F051C88007EAE1B /* game.c in Sources */ = {isa = PBXBuildFile; fileRef = D3EA466F1F051C88007EAE1B /* game.c */; };
		D3EA467C1F052F47007EAE1B /* stb_image.c in Sources */ = {isa = PBXBuildFile; fileRef = D3EA46751F052F47007EAE1B /* stb_image.c */; };
		D3EA467D1F052F47007EAE1B /* glad.c in Sources */ = {isa = PBXBuildFile; fileRef = D3EA46771F052F47007EAE1B /* glad.c */; };
		D3EA467E1F052F47007EAE1B /* linalgb.c in Sources */ = {isa = PBXBuildFile; fileRef = D3EA467A1F052F47007EAE1B /* linalgb.c */; };
/* End PBXBuildFile section */

/* Begin PBXCopyFilesBuildPhase section */
		D3533D441F000A01005AFFDB /* CopyFiles */ = {
			isa = PBXCopyFilesBuildPhase;
			buildActionMask = 2147483647;
			dstPath = /usr/share/man/man1/;
			dstSubfolderSpec = 0;
			files = (
			);
			runOnlyForDeploymentPostprocessing = 1;
		};
/* End PBXCopyFilesBuildPhase section */

/* Begin PBXFileReference section */
		886467F01FA0F4710006EBDD /* libSDL2-2.0.0.dylib */ = {isa = PBXFileReference; lastKnownFileType = "compiled.mach-o.dylib"; name = "libSDL2-2.0.0.dylib"; path = "../../../../../usr/local/Cellar/sdl2/2.0.6/lib/libSDL2-2.0.0.dylib"; sourceTree = "<group>"; };
		886467F51FA0F5EA0006EBDD /* libode.6.dylib */ = {isa = PBXFileReference; lastKnownFileType = "compiled.mach-o.dylib"; name = libode.6.dylib; path = ../../../../../usr/local/Cellar/ode/0.15.2/lib/libode.6.dylib; sourceTree = "<group>"; };
		D3533D461F000A01005AFFDB /* cee-lo */ = {isa = PBXFileReference; explicitFileType = "compiled.mach-o.executable"; includeInIndex = 0; path = "cee-lo"; sourceTree = BUILT_PRODUCTS_DIR; };
		D3533D491F000A01005AFFDB /* main.c */ = {isa = PBXFileReference; lastKnownFileType = sourcecode.c.c; path = main.c; sourceTree = "<group>"; };
		D3533D511F000A09005AFFDB /* OpenGL.framework */ = {isa = PBXFileReference; lastKnownFileType = wrapper.framework; name = OpenGL.framework; path = System/Library/Frameworks/OpenGL.framework; sourceTree = SDKROOT; };
		D3533D631F006F4B005AFFDB /* obj.c */ = {isa = PBXFileReference; fileEncoding = 4; lastKnownFileType = sourcecode.c.c; path = obj.c; sourceTree = "<group>"; };
		D3533D641F006F4B005AFFDB /* obj.h */ = {isa = PBXFileReference; fileEncoding = 4; lastKnownFileType = sourcecode.c.h; path = obj.h; sourceTree = "<group>"; };
		D3EA466F1F051C88007EAE1B /* game.c */ = {isa = PBXFileReference; fileEncoding = 4; lastKnownFileType = sourcecode.c.c; path = game.c; sourceTree = "<group>"; };
		D3EA46701F051C88007EAE1B /* game.h */ = {isa = PBXFileReference; fileEncoding = 4; lastKnownFileType = sourcecode.c.h; path = game.h; sourceTree = "<group>"; };
		D3EA46751F052F47007EAE1B /* stb_image.c */ = {isa = PBXFileReference; fileEncoding = 4; lastKnownFileType = sourcecode.c.c; name = stb_image.c; path = 3rdparty/stb_image.c; sourceTree = "<group>"; };
		D3EA46761F052F47007EAE1B /* stb_image.h */ = {isa = PBXFileReference; fileEncoding = 4; lastKnownFileType = sourcecode.c.h; name = stb_image.h; path = 3rdparty/stb_image.h; sourceTree = "<group>"; };
		D3EA46771F052F47007EAE1B /* glad.c */ = {isa = PBXFileReference; fileEncoding = 4; lastKnownFileType = sourcecode.c.c; name = glad.c; path = 3rdparty/glad.c; sourceTree = "<group>"; };
		D3EA46781F052F47007EAE1B /* glad.h */ = {isa = PBXFileReference; fileEncoding = 4; lastKnownFileType = sourcecode.c.h; name = glad.h; path = 3rdparty/glad.h; sourceTree = "<group>"; };
		D3EA46791F052F47007EAE1B /* khrplatform.h */ = {isa = PBXFileReference; fileEncoding = 4; lastKnownFileType = sourcecode.c.h; name = khrplatform.h; path = 3rdparty/khrplatform.h; sourceTree = "<group>"; };
		D3EA467A1F052F47007EAE1B /* linalgb.c */ = {isa = PBXFileReference; fileEncoding = 4; lastKnownFileType = sourcecode.c.c; name = linalgb.c; path = 3rdparty/linalgb.c; sourceTree = "<group>"; };
		D3EA467B1F052F47007EAE1B /* linalgb.h */ = {isa = PBXFileReference; fileEncoding = 4; lastKnownFileType = sourcecode.c.h; name = linalgb.h; path = 3rdparty/linalgb.h; sourceTree = "<group>"; };
		D3EA468A1F05E9F9007EAE1B /* Icosphere_obj.h */ = {isa = PBXFileReference; fileEncoding = 4; lastKnownFileType = sourcecode.c.h; path = Icosphere_obj.h; sourceTree = "<group>"; };
		D3EA468B1F0677EB007EAE1B /* res */ = {isa = PBXFileReference; lastKnownFileType = folder; path = res; sourceTree = "<group>"; };
/* End PBXFileReference section */

/* Begin PBXFrameworksBuildPhase section */
		D3533D431F000A01005AFFDB /* Frameworks */ = {
			isa = PBXFrameworksBuildPhase;
			buildActionMask = 2147483647;
			files = (
				886467F61FA0F5EA0006EBDD /* libode.6.dylib in Frameworks */,
				886467F11FA0F4710006EBDD /* libSDL2-2.0.0.dylib in Frameworks */,
				D3533D521F000A09005AFFDB /* OpenGL.framework in Frameworks */,
			);
			runOnlyForDeploymentPostprocessing = 0;
		};
/* End PBXFrameworksBuildPhase section */

/* Begin PBXGroup section */
		D3533D3D1F000A01005AFFDB = {
			isa = PBXGroup;
			children = (
				D3533D481F000A01005AFFDB /* cee-lo */,
				D3EA468B1F0677EB007EAE1B /* res */,
				D3533D471F000A01005AFFDB /* Products */,
				D3533D501F000A09005AFFDB /* Frameworks */,
			);
			sourceTree = "<group>";
		};
		D3533D471F000A01005AFFDB /* Products */ = {
			isa = PBXGroup;
			children = (
				D3533D461F000A01005AFFDB /* cee-lo */,
			);
			name = Products;
			sourceTree = "<group>";
		};
		D3533D481F000A01005AFFDB /* cee-lo */ = {
			isa = PBXGroup;
			children = (
				D3EA46741F052F3B007EAE1B /* 3rdparty */,
				D3533D491F000A01005AFFDB /* main.c */,
				D3533D631F006F4B005AFFDB /* obj.c */,
				D3533D641F006F4B005AFFDB /* obj.h */,
				D3EA466F1F051C88007EAE1B /* game.c */,
				D3EA46701F051C88007EAE1B /* game.h */,
				D3EA468A1F05E9F9007EAE1B /* Icosphere_obj.h */,
			);
			path = "cee-lo";
			sourceTree = "<group>";
		};
		D3533D501F000A09005AFFDB /* Frameworks */ = {
			isa = PBXGroup;
			children = (
				886467F51FA0F5EA0006EBDD /* libode.6.dylib */,
				886467F01FA0F4710006EBDD /* libSDL2-2.0.0.dylib */,
				D3533D511F000A09005AFFDB /* OpenGL.framework */,
			);
			name = Frameworks;
			sourceTree = "<group>";
		};
		D3EA46741F052F3B007EAE1B /* 3rdparty */ = {
			isa = PBXGroup;
			children = (
				D3EA46751F052F47007EAE1B /* stb_image.c */,
				D3EA46761F052F47007EAE1B /* stb_image.h */,
				D3EA46771F052F47007EAE1B /* glad.c */,
				D3EA46781F052F47007EAE1B /* glad.h */,
				D3EA46791F052F47007EAE1B /* khrplatform.h */,
				D3EA467A1F052F47007EAE1B /* linalgb.c */,
				D3EA467B1F052F47007EAE1B /* linalgb.h */,
			);
			name = 3rdparty;
			sourceTree = "<group>";
		};
/* End PBXGroup section */

/* Begin PBXNativeTarget section */
		D3533D451F000A01005AFFDB /* cee-lo */ = {
			isa = PBXNativeTarget;
			buildConfigurationList = D3533D4D1F000A01005AFFDB /* Build configuration list for PBXNativeTarget "cee-lo" */;
			buildPhases = (
				D3533D421F000A01005AFFDB /* Sources */,
				D3533D431F000A01005AFFDB /* Frameworks */,
				D3533D441F000A01005AFFDB /* CopyFiles */,
			);
			buildRules = (
			);
			dependencies = (
			);
			name = "cee-lo";
			productName = "cee-lo";
			productReference = D3533D461F000A01005AFFDB /* cee-lo */;
			productType = "com.apple.product-type.tool";
		};
/* End PBXNativeTarget section */

/* Begin PBXProject section */
		D3533D3E1F000A01005AFFDB /* Project object */ = {
			isa = PBXProject;
			attributes = {
				LastUpgradeCheck = 0900;
				ORGANIZATIONNAME = "George Watson";
				TargetAttributes = {
					D3533D451F000A01005AFFDB = {
						CreatedOnToolsVersion = 8.3;
						ProvisioningStyle = Automatic;
					};
				};
			};
			buildConfigurationList = D3533D411F000A01005AFFDB /* Build configuration list for PBXProject "cee-lo" */;
			compatibilityVersion = "Xcode 3.2";
			developmentRegion = English;
			hasScannedForEncodings = 0;
			knownRegions = (
				en,
			);
			mainGroup = D3533D3D1F000A01005AFFDB;
			productRefGroup = D3533D471F000A01005AFFDB /* Products */;
			projectDirPath = "";
			projectRoot = "";
			targets = (
				D3533D451F000A01005AFFDB /* cee-lo */,
			);
		};
/* End PBXProject section */

/* Begin PBXSourcesBuildPhase section */
		D3533D421F000A01005AFFDB /* Sources */ = {
			isa = PBXSourcesBuildPhase;
			buildActionMask = 2147483647;
			files = (
				D3533D651F006F4B005AFFDB /* obj.c in Sources */,
				D3533D4A1F000A01005AFFDB /* main.c in Sources */,
				D3EA467E1F052F47007EAE1B /* linalgb.c in Sources */,
				D3EA467C1F052F47007EAE1B /* stb_image.c in Sources */,
				D3EA46711F051C88007EAE1B /* game.c in Sources */,
				D3EA467D1F052F47007EAE1B /* glad.c in Sources */,
			);
			runOnlyForDeploymentPostprocessing = 0;
		};
/* End PBXSourcesBuildPhase section */

/* Begin XCBuildConfiguration section */
		D3533D4B1F000A01005AFFDB /* Debug */ = {
			isa = XCBuildConfiguration;
			buildSettings = {
				ALWAYS_SEARCH_USER_PATHS = NO;
				CLANG_ANALYZER_NONNULL = YES;
				CLANG_ANALYZER_NUMBER_OBJECT_CONVERSION = YES_AGGRESSIVE;
				CLANG_CXX_LANGUAGE_STANDARD = "gnu++0x";
				CLANG_CXX_LIBRARY = "libc++";
				CLANG_ENABLE_MODULES = YES;
				CLANG_ENABLE_OBJC_ARC = YES;
				CLANG_WARN_BLOCK_CAPTURE_AUTORELEASING = YES;
				CLANG_WARN_BOOL_CONVERSION = YES;
				CLANG_WARN_COMMA = YES;
				CLANG_WARN_CONSTANT_CONVERSION = YES;
				CLANG_WARN_DIRECT_OBJC_ISA_USAGE = YES_ERROR;
				CLANG_WARN_DOCUMENTATION_COMMENTS = YES;
				CLANG_WARN_EMPTY_BODY = YES;
				CLANG_WARN_ENUM_CONVERSION = YES;
				CLANG_WARN_INFINITE_RECURSION = YES;
				CLANG_WARN_INT_CONVERSION = YES;
				CLANG_WARN_NON_LITERAL_NULL_CONVERSION = YES;
				CLANG_WARN_OBJC_LITERAL_CONVERSION = YES;
				CLANG_WARN_OBJC_ROOT_CLASS = YES_ERROR;
				CLANG_WARN_RANGE_LOOP_ANALYSIS = YES;
				CLANG_WARN_STRICT_PROTOTYPES = YES;
				CLANG_WARN_SUSPICIOUS_MOVE = YES;
				CLANG_WARN_UNREACHABLE_CODE = YES;
				CLANG_WARN__DUPLICATE_METHOD_MATCH = YES;
				CODE_SIGN_IDENTITY = "-";
				COPY_PHASE_STRIP = NO;
				DEBUG_INFORMATION_FORMAT = dwarf;
				ENABLE_STRICT_OBJC_MSGSEND = YES;
				ENABLE_TESTABILITY = YES;
				GCC_C_LANGUAGE_STANDARD = gnu99;
				GCC_DYNAMIC_NO_PIC = NO;
				GCC_NO_COMMON_BLOCKS = YES;
				GCC_OPTIMIZATION_LEVEL = 0;
				GCC_PREPROCESSOR_DEFINITIONS = (
					"DEBUG=1",
					"$(inherited)",
				);
				GCC_WARN_64_TO_32_BIT_CONVERSION = YES;
				GCC_WARN_ABOUT_RETURN_TYPE = YES_ERROR;
				GCC_WARN_UNDECLARED_SELECTOR = YES;
				GCC_WARN_UNINITIALIZED_AUTOS = YES_AGGRESSIVE;
				GCC_WARN_UNUSED_FUNCTION = YES;
				GCC_WARN_UNUSED_VARIABLE = YES;
				MACOSX_DEPLOYMENT_TARGET = 10.12;
				MTL_ENABLE_DEBUG_INFO = YES;
				ONLY_ACTIVE_ARCH = YES;
				OTHER_CFLAGS = "-Wdocumentation";
				SDKROOT = macosx;
			};
			name = Debug;
		};
		D3533D4C1F000A01005AFFDB /* Release */ = {
			isa = XCBuildConfiguration;
			buildSettings = {
				ALWAYS_SEARCH_USER_PATHS = NO;
				CLANG_ANALYZER_NONNULL = YES;
				CLANG_ANALYZER_NUMBER_OBJECT_CONVERSION = YES_AGGRESSIVE;
				CLANG_CXX_LANGUAGE_STANDARD = "gnu++0x";
				CLANG_CXX_LIBRARY = "libc++";
				CLANG_ENABLE_MODULES = YES;
				CLANG_ENABLE_OBJC_ARC = YES;
				CLANG_WARN_BLOCK_CAPTURE_AUTORELEASING = YES;
				CLANG_WARN_BOOL_CONVERSION = YES;
				CLANG_WARN_COMMA = YES;
				CLANG_WARN_CONSTANT_CONVERSION = YES;
				CLANG_WARN_DIRECT_OBJC_ISA_USAGE = YES_ERROR;
				CLANG_WARN_DOCUMENTATION_COMMENTS = YES;
				CLANG_WARN_EMPTY_BODY = YES;
				CLANG_WARN_ENUM_CONVERSION = YES;
				CLANG_WARN_INFINITE_RECURSION = YES;
				CLANG_WARN_INT_CONVERSION = YES;
				CLANG_WARN_NON_LITERAL_NULL_CONVERSION = YES;
				CLANG_WARN_OBJC_LITERAL_CONVERSION = YES;
				CLANG_WARN_OBJC_ROOT_CLASS = YES_ERROR;
				CLANG_WARN_RANGE_LOOP_ANALYSIS = YES;
				CLANG_WARN_STRICT_PROTOTYPES = YES;
				CLANG_WARN_SUSPICIOUS_MOVE = YES;
				CLANG_WARN_UNREACHABLE_CODE = YES;
				CLANG_WARN__DUPLICATE_METHOD_MATCH = YES;
				CODE_SIGN_IDENTITY = "-";
				COPY_PHASE_STRIP = NO;
				DEBUG_INFORMATION_FORMAT = "dwarf-with-dsym";
				ENABLE_NS_ASSERTIONS = NO;
				ENABLE_STRICT_OBJC_MSGSEND = YES;
				GCC_C_LANGUAGE_STANDARD = gnu99;
				GCC_NO_COMMON_BLOCKS = YES;
				GCC_WARN_64_TO_32_BIT_CONVERSION = YES;
				GCC_WARN_ABOUT_RETURN_TYPE = YES_ERROR;
				GCC_WARN_UNDECLARED_SELECTOR = YES;
				GCC_WARN_UNINITIALIZED_AUTOS = YES_AGGRESSIVE;
				GCC_WARN_UNUSED_FUNCTION = YES;
				GCC_WARN_UNUSED_VARIABLE = YES;
				MACOSX_DEPLOYMENT_TARGET = 10.12;
				MTL_ENABLE_DEBUG_INFO = NO;
				OTHER_CFLAGS = "-Wdocumentation";
				SDKROOT = macosx;
			};
			name = Release;
		};
		D3533D4E1F000A01005AFFDB /* Debug */ = {
			isa = XCBuildConfiguration;
			buildSettings = {
				HEADER_SEARCH_PATHS = /usr/local/include;
				LIBRARY_SEARCH_PATHS = (
					"$(inherited)",
					/usr/local/Cellar/sdl2/2.0.5/lib,
					/usr/local/Cellar/ode/0.14_1/lib,
					/usr/local/Cellar/sdl2/2.0.6/lib,
					/usr/local/Cellar/ode/0.15.2/lib,
				);
				PRODUCT_NAME = "$(TARGET_NAME)";
			};
			name = Debug;
		};
		D3533D4F1F000A01005AFFDB /* Release */ = {
			isa = XCBuildConfiguration;
			buildSettings = {
				HEADER_SEARCH_PATHS = /usr/local/include;
				LIBRARY_SEARCH_PATHS = (
					"$(inherited)",
					/usr/local/Cellar/sdl2/2.0.5/lib,
					/usr/local/Cellar/ode/0.14_1/lib,
					/usr/local/Cellar/sdl2/2.0.6/lib,
					/usr/local/Cellar/ode/0.15.2/lib,
				);
				PRODUCT_NAME = "$(TARGET_NAME)";
			};
			name = Release;
		};
/* End XCBuildConfiguration section */

/* Begin XCConfigurationList section */
		D3533D411F000A01005AFFDB /* Build configuration list for PBXProject "cee-lo" */ = {
			isa = XCConfigurationList;
			buildConfigurations = (
				D3533D4B1F000A01005AFFDB /* Debug */,
				D3533D4C1F000A01005AFFDB /* Release */,
			);
			defaultConfigurationIsVisible = 0;
			defaultConfigurationName = Release;
		};
		D3533D4D1F000A01005AFFDB /* Build configuration list for PBXNativeTarget "cee-lo" */ = {
			isa = XCConfigurationList;
			buildConfigurations = (
				D3533D4E1F000A01005AFFDB /* Debug */,
				D3533D4F1F000A01005AFFDB /* Release */,
			);
			defaultConfigurationIsVisible = 0;
			defaultConfigurationName = Release;
		};
/* End XCConfigurationList section */
	};
	rootObject = D3533D3E1F000A01005AFFDB /* Project object */;
}
